// !$*UTF8*$!
{
	archiveVersion = 1;
	classes = {
	};
	objectVersion = 50;
	objects = {

/* Begin PBXBuildFile section */
		C8F80BAE22BA1D50007F1A6B /* AppDelegate.m in Sources */ = {isa = PBXBuildFile; fileRef = C8F80BAD22BA1D50007F1A6B /* AppDelegate.m */; };
		C8F80BB122BA1D50007F1A6B /* ViewController.m in Sources */ = {isa = PBXBuildFile; fileRef = C8F80BB022BA1D50007F1A6B /* ViewController.m */; };
		C8F80BB422BA1D50007F1A6B /* Main.storyboard in Resources */ = {isa = PBXBuildFile; fileRef = C8F80BB222BA1D50007F1A6B /* Main.storyboard */; };
		C8F80BB622BA1D52007F1A6B /* Assets.xcassets in Resources */ = {isa = PBXBuildFile; fileRef = C8F80BB522BA1D52007F1A6B /* Assets.xcassets */; };
		C8F80BB922BA1D52007F1A6B /* LaunchScreen.storyboard in Resources */ = {isa = PBXBuildFile; fileRef = C8F80BB722BA1D52007F1A6B /* LaunchScreen.storyboard */; };
		C8F80BBC22BA1D52007F1A6B /* main.m in Sources */ = {isa = PBXBuildFile; fileRef = C8F80BBB22BA1D52007F1A6B /* main.m */; };
		C8F80BC622BA1D52007F1A6B /* LRSChartViewTests.m in Sources */ = {isa = PBXBuildFile; fileRef = C8F80BC522BA1D52007F1A6B /* LRSChartViewTests.m */; };
		C8F80BD122BA1D52007F1A6B /* LRSChartViewUITests.m in Sources */ = {isa = PBXBuildFile; fileRef = C8F80BD022BA1D52007F1A6B /* LRSChartViewUITests.m */; };
		C8F80BE522BA1D77007F1A6B /* LRSChartView.m in Sources */ = {isa = PBXBuildFile; fileRef = C8F80BE022BA1D77007F1A6B /* LRSChartView.m */; };
		C8F80BE622BA1D77007F1A6B /* LRSLinesPaoPaoView.m in Sources */ = {isa = PBXBuildFile; fileRef = C8F80BE122BA1D77007F1A6B /* LRSLinesPaoPaoView.m */; };
		C8F80BE722BA1D77007F1A6B /* LinesSelectCell.m in Sources */ = {isa = PBXBuildFile; fileRef = C8F80BE222BA1D77007F1A6B /* LinesSelectCell.m */; };
		C8F80C0522BA2312007F1A6B /* LICENSE in Resources */ = {isa = PBXBuildFile; fileRef = C8F80BE922BA2312007F1A6B /* LICENSE */; };
		C8F80C0622BA2312007F1A6B /* NSLayoutConstraint+MASDebugAdditions.m in Sources */ = {isa = PBXBuildFile; fileRef = C8F80BEC22BA2312007F1A6B /* NSLayoutConstraint+MASDebugAdditions.m */; };
		C8F80C0722BA2312007F1A6B /* ViewController+MASAdditions.m in Sources */ = {isa = PBXBuildFile; fileRef = C8F80BF522BA2312007F1A6B /* ViewController+MASAdditions.m */; };
		C8F80C0822BA2312007F1A6B /* MASCompositeConstraint.m in Sources */ = {isa = PBXBuildFile; fileRef = C8F80BF922BA2312007F1A6B /* MASCompositeConstraint.m */; };
		C8F80C0922BA2312007F1A6B /* MASConstraintMaker.m in Sources */ = {isa = PBXBuildFile; fileRef = C8F80BFA22BA2312007F1A6B /* MASConstraintMaker.m */; };
		C8F80C0A22BA2312007F1A6B /* MASLayoutConstraint.m in Sources */ = {isa = PBXBuildFile; fileRef = C8F80BFB22BA2312007F1A6B /* MASLayoutConstraint.m */; };
		C8F80C0B22BA2312007F1A6B /* NSArray+MASAdditions.m in Sources */ = {isa = PBXBuildFile; fileRef = C8F80BFC22BA2312007F1A6B /* NSArray+MASAdditions.m */; };
		C8F80C0C22BA2312007F1A6B /* View+MASAdditions.m in Sources */ = {isa = PBXBuildFile; fileRef = C8F80BFD22BA2312007F1A6B /* View+MASAdditions.m */; };
		C8F80C0D22BA2312007F1A6B /* MASConstraint.m in Sources */ = {isa = PBXBuildFile; fileRef = C8F80C0022BA2312007F1A6B /* MASConstraint.m */; };
		C8F80C0E22BA2312007F1A6B /* MASViewConstraint.m in Sources */ = {isa = PBXBuildFile; fileRef = C8F80C0222BA2312007F1A6B /* MASViewConstraint.m */; };
		C8F80C0F22BA2312007F1A6B /* MASViewAttribute.m in Sources */ = {isa = PBXBuildFile; fileRef = C8F80C0322BA2312007F1A6B /* MASViewAttribute.m */; };
		C8F80C1022BA2312007F1A6B /* README.md in Resources */ = {isa = PBXBuildFile; fileRef = C8F80C0422BA2312007F1A6B /* README.md */; };
		C8F80C1422BA2463007F1A6B /* NSString+LRSChartView.m in Sources */ = {isa = PBXBuildFile; fileRef = C8F80C1222BA2462007F1A6B /* NSString+LRSChartView.m */; };
		C8F80C1722BA24E8007F1A6B /* UIColor+LRSChartView.m in Sources */ = {isa = PBXBuildFile; fileRef = C8F80C1622BA24E8007F1A6B /* UIColor+LRSChartView.m */; };
		C8F80C1C22BA256E007F1A6B /* LRSTouchScroll.m in Sources */ = {isa = PBXBuildFile; fileRef = C8F80C1A22BA256D007F1A6B /* LRSTouchScroll.m */; };
		C8F80C1D22BA256E007F1A6B /* LRSTouchCollectionView.m in Sources */ = {isa = PBXBuildFile; fileRef = C8F80C1B22BA256E007F1A6B /* LRSTouchCollectionView.m */; };
		C8F80C2122BA25CA007F1A6B /* LRSLinesCell.m in Sources */ = {isa = PBXBuildFile; fileRef = C8F80C1E22BA25CA007F1A6B /* LRSLinesCell.m */; };
		C8F80C2222BA25CA007F1A6B /* LRSLinesCell.xib in Resources */ = {isa = PBXBuildFile; fileRef = C8F80C1F22BA25CA007F1A6B /* LRSLinesCell.xib */; };
/* End PBXBuildFile section */

/* Begin PBXContainerItemProxy section */
		C8F80BC222BA1D52007F1A6B /* PBXContainerItemProxy */ = {
			isa = PBXContainerItemProxy;
			containerPortal = C8F80BA122BA1D50007F1A6B /* Project object */;
			proxyType = 1;
			remoteGlobalIDString = C8F80BA822BA1D50007F1A6B;
			remoteInfo = LRSChartView;
		};
		C8F80BCD22BA1D52007F1A6B /* PBXContainerItemProxy */ = {
			isa = PBXContainerItemProxy;
			containerPortal = C8F80BA122BA1D50007F1A6B /* Project object */;
			proxyType = 1;
			remoteGlobalIDString = C8F80BA822BA1D50007F1A6B;
			remoteInfo = LRSChartView;
		};
/* End PBXContainerItemProxy section */

/* Begin PBXFileReference section */
		C8F80BA922BA1D50007F1A6B /* LRSChartView.app */ = {isa = PBXFileReference; explicitFileType = wrapper.application; includeInIndex = 0; path = LRSChartView.app; sourceTree = BUILT_PRODUCTS_DIR; };
		C8F80BAC22BA1D50007F1A6B /* AppDelegate.h */ = {isa = PBXFileReference; lastKnownFileType = sourcecode.c.h; path = AppDelegate.h; sourceTree = "<group>"; };
		C8F80BAD22BA1D50007F1A6B /* AppDelegate.m */ = {isa = PBXFileReference; lastKnownFileType = sourcecode.c.objc; path = AppDelegate.m; sourceTree = "<group>"; };
		C8F80BAF22BA1D50007F1A6B /* ViewController.h */ = {isa = PBXFileReference; lastKnownFileType = sourcecode.c.h; path = ViewController.h; sourceTree = "<group>"; };
		C8F80BB022BA1D50007F1A6B /* ViewController.m */ = {isa = PBXFileReference; lastKnownFileType = sourcecode.c.objc; path = ViewController.m; sourceTree = "<group>"; };
		C8F80BB322BA1D50007F1A6B /* Base */ = {isa = PBXFileReference; lastKnownFileType = file.storyboard; name = Base; path = Base.lproj/Main.storyboard; sourceTree = "<group>"; };
		C8F80BB522BA1D52007F1A6B /* Assets.xcassets */ = {isa = PBXFileReference; lastKnownFileType = folder.assetcatalog; path = Assets.xcassets; sourceTree = "<group>"; };
		C8F80BB822BA1D52007F1A6B /* Base */ = {isa = PBXFileReference; lastKnownFileType = file.storyboard; name = Base; path = Base.lproj/LaunchScreen.storyboard; sourceTree = "<group>"; };
		C8F80BBA22BA1D52007F1A6B /* Info.plist */ = {isa = PBXFileReference; lastKnownFileType = text.plist.xml; path = Info.plist; sourceTree = "<group>"; };
		C8F80BBB22BA1D52007F1A6B /* main.m */ = {isa = PBXFileReference; lastKnownFileType = sourcecode.c.objc; path = main.m; sourceTree = "<group>"; };
		C8F80BC122BA1D52007F1A6B /* LRSChartViewTests.xctest */ = {isa = PBXFileReference; explicitFileType = wrapper.cfbundle; includeInIndex = 0; path = LRSChartViewTests.xctest; sourceTree = BUILT_PRODUCTS_DIR; };
		C8F80BC522BA1D52007F1A6B /* LRSChartViewTests.m */ = {isa = PBXFileReference; lastKnownFileType = sourcecode.c.objc; path = LRSChartViewTests.m; sourceTree = "<group>"; };
		C8F80BC722BA1D52007F1A6B /* Info.plist */ = {isa = PBXFileReference; lastKnownFileType = text.plist.xml; path = Info.plist; sourceTree = "<group>"; };
		C8F80BCC22BA1D52007F1A6B /* LRSChartViewUITests.xctest */ = {isa = PBXFileReference; explicitFileType = wrapper.cfbundle; includeInIndex = 0; path = LRSChartViewUITests.xctest; sourceTree = BUILT_PRODUCTS_DIR; };
		C8F80BD022BA1D52007F1A6B /* LRSChartViewUITests.m */ = {isa = PBXFileReference; lastKnownFileType = sourcecode.c.objc; path = LRSChartViewUITests.m; sourceTree = "<group>"; };
		C8F80BD222BA1D52007F1A6B /* Info.plist */ = {isa = PBXFileReference; lastKnownFileType = text.plist.xml; path = Info.plist; sourceTree = "<group>"; };
		C8F80BDF22BA1D77007F1A6B /* LinesSelectCell.h */ = {isa = PBXFileReference; fileEncoding = 4; lastKnownFileType = sourcecode.c.h; path = LinesSelectCell.h; sourceTree = "<group>"; };
		C8F80BE022BA1D77007F1A6B /* LRSChartView.m */ = {isa = PBXFileReference; fileEncoding = 4; lastKnownFileType = sourcecode.c.objc; path = LRSChartView.m; sourceTree = "<group>"; };
		C8F80BE122BA1D77007F1A6B /* LRSLinesPaoPaoView.m */ = {isa = PBXFileReference; fileEncoding = 4; lastKnownFileType = sourcecode.c.objc; path = LRSLinesPaoPaoView.m; sourceTree = "<group>"; };
		C8F80BE222BA1D77007F1A6B /* LinesSelectCell.m */ = {isa = PBXFileReference; fileEncoding = 4; lastKnownFileType = sourcecode.c.objc; path = LinesSelectCell.m; sourceTree = "<group>"; };
		C8F80BE322BA1D77007F1A6B /* LRSLinesPaoPaoView.h */ = {isa = PBXFileReference; fileEncoding = 4; lastKnownFileType = sourcecode.c.h; path = LRSLinesPaoPaoView.h; sourceTree = "<group>"; };
		C8F80BE422BA1D77007F1A6B /* LRSChartView.h */ = {isa = PBXFileReference; fileEncoding = 4; lastKnownFileType = sourcecode.c.h; path = LRSChartView.h; sourceTree = "<group>"; };
		C8F80BE922BA2312007F1A6B /* LICENSE */ = {isa = PBXFileReference; fileEncoding = 4; lastKnownFileType = text; path = LICENSE; sourceTree = "<group>"; };
		C8F80BEB22BA2312007F1A6B /* MASCompositeConstraint.h */ = {isa = PBXFileReference; fileEncoding = 4; lastKnownFileType = sourcecode.c.h; path = MASCompositeConstraint.h; sourceTree = "<group>"; };
		C8F80BEC22BA2312007F1A6B /* NSLayoutConstraint+MASDebugAdditions.m */ = {isa = PBXFileReference; fileEncoding = 4; lastKnownFileType = sourcecode.c.objc; path = "NSLayoutConstraint+MASDebugAdditions.m"; sourceTree = "<group>"; };
		C8F80BED22BA2312007F1A6B /* MASConstraint+Private.h */ = {isa = PBXFileReference; fileEncoding = 4; lastKnownFileType = sourcecode.c.h; path = "MASConstraint+Private.h"; sourceTree = "<group>"; };
		C8F80BEE22BA2312007F1A6B /* MASLayoutConstraint.h */ = {isa = PBXFileReference; fileEncoding = 4; lastKnownFileType = sourcecode.c.h; path = MASLayoutConstraint.h; sourceTree = "<group>"; };
		C8F80BEF22BA2312007F1A6B /* NSArray+MASShorthandAdditions.h */ = {isa = PBXFileReference; fileEncoding = 4; lastKnownFileType = sourcecode.c.h; path = "NSArray+MASShorthandAdditions.h"; sourceTree = "<group>"; };
		C8F80BF022BA2312007F1A6B /* MASConstraintMaker.h */ = {isa = PBXFileReference; fileEncoding = 4; lastKnownFileType = sourcecode.c.h; path = MASConstraintMaker.h; sourceTree = "<group>"; };
		C8F80BF122BA2312007F1A6B /* View+MASAdditions.h */ = {isa = PBXFileReference; fileEncoding = 4; lastKnownFileType = sourcecode.c.h; path = "View+MASAdditions.h"; sourceTree = "<group>"; };
		C8F80BF222BA2312007F1A6B /* NSArray+MASAdditions.h */ = {isa = PBXFileReference; fileEncoding = 4; lastKnownFileType = sourcecode.c.h; path = "NSArray+MASAdditions.h"; sourceTree = "<group>"; };
		C8F80BF322BA2312007F1A6B /* MASUtilities.h */ = {isa = PBXFileReference; fileEncoding = 4; lastKnownFileType = sourcecode.c.h; path = MASUtilities.h; sourceTree = "<group>"; };
		C8F80BF422BA2312007F1A6B /* MASViewAttribute.h */ = {isa = PBXFileReference; fileEncoding = 4; lastKnownFileType = sourcecode.c.h; path = MASViewAttribute.h; sourceTree = "<group>"; };
		C8F80BF522BA2312007F1A6B /* ViewController+MASAdditions.m */ = {isa = PBXFileReference; fileEncoding = 4; lastKnownFileType = sourcecode.c.objc; path = "ViewController+MASAdditions.m"; sourceTree = "<group>"; };
		C8F80BF622BA2312007F1A6B /* MASViewConstraint.h */ = {isa = PBXFileReference; fileEncoding = 4; lastKnownFileType = sourcecode.c.h; path = MASViewConstraint.h; sourceTree = "<group>"; };
		C8F80BF722BA2312007F1A6B /* MASConstraint.h */ = {isa = PBXFileReference; fileEncoding = 4; lastKnownFileType = sourcecode.c.h; path = MASConstraint.h; sourceTree = "<group>"; };
		C8F80BF822BA2312007F1A6B /* NSLayoutConstraint+MASDebugAdditions.h */ = {isa = PBXFileReference; fileEncoding = 4; lastKnownFileType = sourcecode.c.h; path = "NSLayoutConstraint+MASDebugAdditions.h"; sourceTree = "<group>"; };
		C8F80BF922BA2312007F1A6B /* MASCompositeConstraint.m */ = {isa = PBXFileReference; fileEncoding = 4; lastKnownFileType = sourcecode.c.objc; path = MASCompositeConstraint.m; sourceTree = "<group>"; };
		C8F80BFA22BA2312007F1A6B /* MASConstraintMaker.m */ = {isa = PBXFileReference; fileEncoding = 4; lastKnownFileType = sourcecode.c.objc; path = MASConstraintMaker.m; sourceTree = "<group>"; };
		C8F80BFB22BA2312007F1A6B /* MASLayoutConstraint.m */ = {isa = PBXFileReference; fileEncoding = 4; lastKnownFileType = sourcecode.c.objc; path = MASLayoutConstraint.m; sourceTree = "<group>"; };
		C8F80BFC22BA2312007F1A6B /* NSArray+MASAdditions.m */ = {isa = PBXFileReference; fileEncoding = 4; lastKnownFileType = sourcecode.c.objc; path = "NSArray+MASAdditions.m"; sourceTree = "<group>"; };
		C8F80BFD22BA2312007F1A6B /* View+MASAdditions.m */ = {isa = PBXFileReference; fileEncoding = 4; lastKnownFileType = sourcecode.c.objc; path = "View+MASAdditions.m"; sourceTree = "<group>"; };
		C8F80BFE22BA2312007F1A6B /* View+MASShorthandAdditions.h */ = {isa = PBXFileReference; fileEncoding = 4; lastKnownFileType = sourcecode.c.h; path = "View+MASShorthandAdditions.h"; sourceTree = "<group>"; };
		C8F80BFF22BA2312007F1A6B /* Masonry.h */ = {isa = PBXFileReference; fileEncoding = 4; lastKnownFileType = sourcecode.c.h; path = Masonry.h; sourceTree = "<group>"; };
		C8F80C0022BA2312007F1A6B /* MASConstraint.m */ = {isa = PBXFileReference; fileEncoding = 4; lastKnownFileType = sourcecode.c.objc; path = MASConstraint.m; sourceTree = "<group>"; };
		C8F80C0122BA2312007F1A6B /* ViewController+MASAdditions.h */ = {isa = PBXFileReference; fileEncoding = 4; lastKnownFileType = sourcecode.c.h; path = "ViewController+MASAdditions.h"; sourceTree = "<group>"; };
		C8F80C0222BA2312007F1A6B /* MASViewConstraint.m */ = {isa = PBXFileReference; fileEncoding = 4; lastKnownFileType = sourcecode.c.objc; path = MASViewConstraint.m; sourceTree = "<group>"; };
		C8F80C0322BA2312007F1A6B /* MASViewAttribute.m */ = {isa = PBXFileReference; fileEncoding = 4; lastKnownFileType = sourcecode.c.objc; path = MASViewAttribute.m; sourceTree = "<group>"; };
		C8F80C0422BA2312007F1A6B /* README.md */ = {isa = PBXFileReference; fileEncoding = 4; lastKnownFileType = net.daringfireball.markdown; path = README.md; sourceTree = "<group>"; };
		C8F80C1122BA2326007F1A6B /* PrefixHeader.pch */ = {isa = PBXFileReference; lastKnownFileType = sourcecode.c.h; path = PrefixHeader.pch; sourceTree = "<group>"; };
		C8F80C1222BA2462007F1A6B /* NSString+LRSChartView.m */ = {isa = PBXFileReference; fileEncoding = 4; lastKnownFileType = sourcecode.c.objc; path = "NSString+LRSChartView.m"; sourceTree = "<group>"; };
		C8F80C1322BA2462007F1A6B /* NSString+LRSChartView.h */ = {isa = PBXFileReference; fileEncoding = 4; lastKnownFileType = sourcecode.c.h; path = "NSString+LRSChartView.h"; sourceTree = "<group>"; };
		C8F80C1522BA24E8007F1A6B /* UIColor+LRSChartView.h */ = {isa = PBXFileReference; fileEncoding = 4; lastKnownFileType = sourcecode.c.h; path = "UIColor+LRSChartView.h"; sourceTree = "<group>"; };
		C8F80C1622BA24E8007F1A6B /* UIColor+LRSChartView.m */ = {isa = PBXFileReference; fileEncoding = 4; lastKnownFileType = sourcecode.c.objc; path = "UIColor+LRSChartView.m"; sourceTree = "<group>"; };
		C8F80C1822BA256D007F1A6B /* LRSTouchCollectionView.h */ = {isa = PBXFileReference; fileEncoding = 4; lastKnownFileType = sourcecode.c.h; path = LRSTouchCollectionView.h; sourceTree = "<group>"; };
		C8F80C1922BA256D007F1A6B /* LRSTouchScroll.h */ = {isa = PBXFileReference; fileEncoding = 4; lastKnownFileType = sourcecode.c.h; path = LRSTouchScroll.h; sourceTree = "<group>"; };
		C8F80C1A22BA256D007F1A6B /* LRSTouchScroll.m */ = {isa = PBXFileReference; fileEncoding = 4; lastKnownFileType = sourcecode.c.objc; path = LRSTouchScroll.m; sourceTree = "<group>"; };
		C8F80C1B22BA256E007F1A6B /* LRSTouchCollectionView.m */ = {isa = PBXFileReference; fileEncoding = 4; lastKnownFileType = sourcecode.c.objc; path = LRSTouchCollectionView.m; sourceTree = "<group>"; };
		C8F80C1E22BA25CA007F1A6B /* LRSLinesCell.m */ = {isa = PBXFileReference; fileEncoding = 4; lastKnownFileType = sourcecode.c.objc; path = LRSLinesCell.m; sourceTree = "<group>"; };
		C8F80C1F22BA25CA007F1A6B /* LRSLinesCell.xib */ = {isa = PBXFileReference; fileEncoding = 4; lastKnownFileType = file.xib; path = LRSLinesCell.xib; sourceTree = "<group>"; };
		C8F80C2022BA25CA007F1A6B /* LRSLinesCell.h */ = {isa = PBXFileReference; fileEncoding = 4; lastKnownFileType = sourcecode.c.h; path = LRSLinesCell.h; sourceTree = "<group>"; };
/* End PBXFileReference section */

/* Begin PBXFrameworksBuildPhase section */
		C8F80BA622BA1D50007F1A6B /* Frameworks */ = {
			isa = PBXFrameworksBuildPhase;
			buildActionMask = 2147483647;
			files = (
			);
			runOnlyForDeploymentPostprocessing = 0;
		};
		C8F80BBE22BA1D52007F1A6B /* Frameworks */ = {
			isa = PBXFrameworksBuildPhase;
			buildActionMask = 2147483647;
			files = (
			);
			runOnlyForDeploymentPostprocessing = 0;
		};
		C8F80BC922BA1D52007F1A6B /* Frameworks */ = {
			isa = PBXFrameworksBuildPhase;
			buildActionMask = 2147483647;
			files = (
			);
			runOnlyForDeploymentPostprocessing = 0;
		};
/* End PBXFrameworksBuildPhase section */

/* Begin PBXGroup section */
		C8F80BA022BA1D50007F1A6B = {
			isa = PBXGroup;
			children = (
				C8F80BAB22BA1D50007F1A6B /* LRSChartView */,
				C8F80BC422BA1D52007F1A6B /* LRSChartViewTests */,
				C8F80BCF22BA1D52007F1A6B /* LRSChartViewUITests */,
				C8F80BAA22BA1D50007F1A6B /* Products */,
			);
			sourceTree = "<group>";
		};
		C8F80BAA22BA1D50007F1A6B /* Products */ = {
			isa = PBXGroup;
			children = (
				C8F80BA922BA1D50007F1A6B /* LRSChartView.app */,
				C8F80BC122BA1D52007F1A6B /* LRSChartViewTests.xctest */,
				C8F80BCC22BA1D52007F1A6B /* LRSChartViewUITests.xctest */,
			);
			name = Products;
			sourceTree = "<group>";
		};
		C8F80BAB22BA1D50007F1A6B /* LRSChartView */ = {
			isa = PBXGroup;
			children = (
				C8F80BE822BA2312007F1A6B /* Masonry */,
				C8F80BDE22BA1D77007F1A6B /* LRSChartView */,
				C8F80BAC22BA1D50007F1A6B /* AppDelegate.h */,
				C8F80BAD22BA1D50007F1A6B /* AppDelegate.m */,
				C8F80BAF22BA1D50007F1A6B /* ViewController.h */,
				C8F80BB022BA1D50007F1A6B /* ViewController.m */,
				C8F80C1122BA2326007F1A6B /* PrefixHeader.pch */,
				C8F80BB222BA1D50007F1A6B /* Main.storyboard */,
				C8F80BB522BA1D52007F1A6B /* Assets.xcassets */,
				C8F80BB722BA1D52007F1A6B /* LaunchScreen.storyboard */,
				C8F80BBA22BA1D52007F1A6B /* Info.plist */,
				C8F80BBB22BA1D52007F1A6B /* main.m */,
			);
			path = LRSChartView;
			sourceTree = "<group>";
		};
		C8F80BC422BA1D52007F1A6B /* LRSChartViewTests */ = {
			isa = PBXGroup;
			children = (
				C8F80BC522BA1D52007F1A6B /* LRSChartViewTests.m */,
				C8F80BC722BA1D52007F1A6B /* Info.plist */,
			);
			path = LRSChartViewTests;
			sourceTree = "<group>";
		};
		C8F80BCF22BA1D52007F1A6B /* LRSChartViewUITests */ = {
			isa = PBXGroup;
			children = (
				C8F80BD022BA1D52007F1A6B /* LRSChartViewUITests.m */,
				C8F80BD222BA1D52007F1A6B /* Info.plist */,
			);
			path = LRSChartViewUITests;
			sourceTree = "<group>";
		};
		C8F80BDE22BA1D77007F1A6B /* LRSChartView */ = {
			isa = PBXGroup;
			children = (
				C8F80C1322BA2462007F1A6B /* NSString+LRSChartView.h */,
				C8F80C1222BA2462007F1A6B /* NSString+LRSChartView.m */,
				C8F80BDF22BA1D77007F1A6B /* LinesSelectCell.h */,
				C8F80BE222BA1D77007F1A6B /* LinesSelectCell.m */,
				C8F80BE422BA1D77007F1A6B /* LRSChartView.h */,
				C8F80BE022BA1D77007F1A6B /* LRSChartView.m */,
				C8F80C1522BA24E8007F1A6B /* UIColor+LRSChartView.h */,
				C8F80C1622BA24E8007F1A6B /* UIColor+LRSChartView.m */,
				C8F80BE322BA1D77007F1A6B /* LRSLinesPaoPaoView.h */,
				C8F80BE122BA1D77007F1A6B /* LRSLinesPaoPaoView.m */,
				C8F80C1822BA256D007F1A6B /* LRSTouchCollectionView.h */,
				C8F80C1B22BA256E007F1A6B /* LRSTouchCollectionView.m */,
				C8F80C1922BA256D007F1A6B /* LRSTouchScroll.h */,
				C8F80C1A22BA256D007F1A6B /* LRSTouchScroll.m */,
				C8F80C2022BA25CA007F1A6B /* LRSLinesCell.h */,
				C8F80C1E22BA25CA007F1A6B /* LRSLinesCell.m */,
				C8F80C1F22BA25CA007F1A6B /* LRSLinesCell.xib */,
			);
			path = LRSChartView;
			sourceTree = "<group>";
		};
		C8F80BE822BA2312007F1A6B /* Masonry */ = {
			isa = PBXGroup;
			children = (
				C8F80BE922BA2312007F1A6B /* LICENSE */,
				C8F80BEA22BA2312007F1A6B /* Masonry */,
				C8F80C0422BA2312007F1A6B /* README.md */,
			);
			path = Masonry;
			sourceTree = "<group>";
		};
		C8F80BEA22BA2312007F1A6B /* Masonry */ = {
			isa = PBXGroup;
			children = (
				C8F80BEB22BA2312007F1A6B /* MASCompositeConstraint.h */,
				C8F80BEC22BA2312007F1A6B /* NSLayoutConstraint+MASDebugAdditions.m */,
				C8F80BED22BA2312007F1A6B /* MASConstraint+Private.h */,
				C8F80BEE22BA2312007F1A6B /* MASLayoutConstraint.h */,
				C8F80BEF22BA2312007F1A6B /* NSArray+MASShorthandAdditions.h */,
				C8F80BF022BA2312007F1A6B /* MASConstraintMaker.h */,
				C8F80BF122BA2312007F1A6B /* View+MASAdditions.h */,
				C8F80BF222BA2312007F1A6B /* NSArray+MASAdditions.h */,
				C8F80BF322BA2312007F1A6B /* MASUtilities.h */,
				C8F80BF422BA2312007F1A6B /* MASViewAttribute.h */,
				C8F80BF522BA2312007F1A6B /* ViewController+MASAdditions.m */,
				C8F80BF622BA2312007F1A6B /* MASViewConstraint.h */,
				C8F80BF722BA2312007F1A6B /* MASConstraint.h */,
				C8F80BF822BA2312007F1A6B /* NSLayoutConstraint+MASDebugAdditions.h */,
				C8F80BF922BA2312007F1A6B /* MASCompositeConstraint.m */,
				C8F80BFA22BA2312007F1A6B /* MASConstraintMaker.m */,
				C8F80BFB22BA2312007F1A6B /* MASLayoutConstraint.m */,
				C8F80BFC22BA2312007F1A6B /* NSArray+MASAdditions.m */,
				C8F80BFD22BA2312007F1A6B /* View+MASAdditions.m */,
				C8F80BFE22BA2312007F1A6B /* View+MASShorthandAdditions.h */,
				C8F80BFF22BA2312007F1A6B /* Masonry.h */,
				C8F80C0022BA2312007F1A6B /* MASConstraint.m */,
				C8F80C0122BA2312007F1A6B /* ViewController+MASAdditions.h */,
				C8F80C0222BA2312007F1A6B /* MASViewConstraint.m */,
				C8F80C0322BA2312007F1A6B /* MASViewAttribute.m */,
			);
			path = Masonry;
			sourceTree = "<group>";
		};
/* End PBXGroup section */

/* Begin PBXNativeTarget section */
		C8F80BA822BA1D50007F1A6B /* LRSChartView */ = {
			isa = PBXNativeTarget;
			buildConfigurationList = C8F80BD522BA1D52007F1A6B /* Build configuration list for PBXNativeTarget "LRSChartView" */;
			buildPhases = (
				C8F80BA522BA1D50007F1A6B /* Sources */,
				C8F80BA622BA1D50007F1A6B /* Frameworks */,
				C8F80BA722BA1D50007F1A6B /* Resources */,
			);
			buildRules = (
			);
			dependencies = (
			);
			name = LRSChartView;
			productName = LRSChartView;
			productReference = C8F80BA922BA1D50007F1A6B /* LRSChartView.app */;
			productType = "com.apple.product-type.application";
		};
		C8F80BC022BA1D52007F1A6B /* LRSChartViewTests */ = {
			isa = PBXNativeTarget;
			buildConfigurationList = C8F80BD822BA1D52007F1A6B /* Build configuration list for PBXNativeTarget "LRSChartViewTests" */;
			buildPhases = (
				C8F80BBD22BA1D52007F1A6B /* Sources */,
				C8F80BBE22BA1D52007F1A6B /* Frameworks */,
				C8F80BBF22BA1D52007F1A6B /* Resources */,
			);
			buildRules = (
			);
			dependencies = (
				C8F80BC322BA1D52007F1A6B /* PBXTargetDependency */,
			);
			name = LRSChartViewTests;
			productName = LRSChartViewTests;
			productReference = C8F80BC122BA1D52007F1A6B /* LRSChartViewTests.xctest */;
			productType = "com.apple.product-type.bundle.unit-test";
		};
		C8F80BCB22BA1D52007F1A6B /* LRSChartViewUITests */ = {
			isa = PBXNativeTarget;
			buildConfigurationList = C8F80BDB22BA1D52007F1A6B /* Build configuration list for PBXNativeTarget "LRSChartViewUITests" */;
			buildPhases = (
				C8F80BC822BA1D52007F1A6B /* Sources */,
				C8F80BC922BA1D52007F1A6B /* Frameworks */,
				C8F80BCA22BA1D52007F1A6B /* Resources */,
			);
			buildRules = (
			);
			dependencies = (
				C8F80BCE22BA1D52007F1A6B /* PBXTargetDependency */,
			);
			name = LRSChartViewUITests;
			productName = LRSChartViewUITests;
			productReference = C8F80BCC22BA1D52007F1A6B /* LRSChartViewUITests.xctest */;
			productType = "com.apple.product-type.bundle.ui-testing";
		};
/* End PBXNativeTarget section */

/* Begin PBXProject section */
		C8F80BA122BA1D50007F1A6B /* Project object */ = {
			isa = PBXProject;
			attributes = {
				LastUpgradeCheck = 1020;
				ORGANIZATIONNAME = lihaiyang;
				TargetAttributes = {
					C8F80BA822BA1D50007F1A6B = {
						CreatedOnToolsVersion = 10.2.1;
					};
					C8F80BC022BA1D52007F1A6B = {
						CreatedOnToolsVersion = 10.2.1;
						TestTargetID = C8F80BA822BA1D50007F1A6B;
					};
					C8F80BCB22BA1D52007F1A6B = {
						CreatedOnToolsVersion = 10.2.1;
						TestTargetID = C8F80BA822BA1D50007F1A6B;
					};
				};
			};
			buildConfigurationList = C8F80BA422BA1D50007F1A6B /* Build configuration list for PBXProject "LRSChartView" */;
			compatibilityVersion = "Xcode 9.3";
			developmentRegion = en;
			hasScannedForEncodings = 0;
			knownRegions = (
				en,
				Base,
			);
			mainGroup = C8F80BA022BA1D50007F1A6B;
			productRefGroup = C8F80BAA22BA1D50007F1A6B /* Products */;
			projectDirPath = "";
			projectRoot = "";
			targets = (
				C8F80BA822BA1D50007F1A6B /* LRSChartView */,
				C8F80BC022BA1D52007F1A6B /* LRSChartViewTests */,
				C8F80BCB22BA1D52007F1A6B /* LRSChartViewUITests */,
			);
		};
/* End PBXProject section */

/* Begin PBXResourcesBuildPhase section */
		C8F80BA722BA1D50007F1A6B /* Resources */ = {
			isa = PBXResourcesBuildPhase;
			buildActionMask = 2147483647;
			files = (
				C8F80BB922BA1D52007F1A6B /* LaunchScreen.storyboard in Resources */,
				C8F80BB622BA1D52007F1A6B /* Assets.xcassets in Resources */,
				C8F80C1022BA2312007F1A6B /* README.md in Resources */,
				C8F80C0522BA2312007F1A6B /* LICENSE in Resources */,
				C8F80C2222BA25CA007F1A6B /* LRSLinesCell.xib in Resources */,
				C8F80BB422BA1D50007F1A6B /* Main.storyboard in Resources */,
			);
			runOnlyForDeploymentPostprocessing = 0;
		};
		C8F80BBF22BA1D52007F1A6B /* Resources */ = {
			isa = PBXResourcesBuildPhase;
			buildActionMask = 2147483647;
			files = (
			);
			runOnlyForDeploymentPostprocessing = 0;
		};
		C8F80BCA22BA1D52007F1A6B /* Resources */ = {
			isa = PBXResourcesBuildPhase;
			buildActionMask = 2147483647;
			files = (
			);
			runOnlyForDeploymentPostprocessing = 0;
		};
/* End PBXResourcesBuildPhase section */

/* Begin PBXSourcesBuildPhase section */
		C8F80BA522BA1D50007F1A6B /* Sources */ = {
			isa = PBXSourcesBuildPhase;
			buildActionMask = 2147483647;
			files = (
				C8F80C0E22BA2312007F1A6B /* MASViewConstraint.m in Sources */,
				C8F80C1D22BA256E007F1A6B /* LRSTouchCollectionView.m in Sources */,
				C8F80C1C22BA256E007F1A6B /* LRSTouchScroll.m in Sources */,
				C8F80BB122BA1D50007F1A6B /* ViewController.m in Sources */,
				C8F80C1722BA24E8007F1A6B /* UIColor+LRSChartView.m in Sources */,
				C8F80C0922BA2312007F1A6B /* MASConstraintMaker.m in Sources */,
				C8F80BBC22BA1D52007F1A6B /* main.m in Sources */,
				C8F80C0722BA2312007F1A6B /* ViewController+MASAdditions.m in Sources */,
				C8F80C0622BA2312007F1A6B /* NSLayoutConstraint+MASDebugAdditions.m in Sources */,
				C8F80C0822BA2312007F1A6B /* MASCompositeConstraint.m in Sources */,
				C8F80BE622BA1D77007F1A6B /* LRSLinesPaoPaoView.m in Sources */,
				C8F80C0A22BA2312007F1A6B /* MASLayoutConstraint.m in Sources */,
				C8F80C0C22BA2312007F1A6B /* View+MASAdditions.m in Sources */,
				C8F80C0B22BA2312007F1A6B /* NSArray+MASAdditions.m in Sources */,
				C8F80BE722BA1D77007F1A6B /* LinesSelectCell.m in Sources */,
				C8F80C1422BA2463007F1A6B /* NSString+LRSChartView.m in Sources */,
				C8F80C2122BA25CA007F1A6B /* LRSLinesCell.m in Sources */,
				C8F80BAE22BA1D50007F1A6B /* AppDelegate.m in Sources */,
				C8F80C0F22BA2312007F1A6B /* MASViewAttribute.m in Sources */,
				C8F80C0D22BA2312007F1A6B /* MASConstraint.m in Sources */,
				C8F80BE522BA1D77007F1A6B /* LRSChartView.m in Sources */,
			);
			runOnlyForDeploymentPostprocessing = 0;
		};
		C8F80BBD22BA1D52007F1A6B /* Sources */ = {
			isa = PBXSourcesBuildPhase;
			buildActionMask = 2147483647;
			files = (
				C8F80BC622BA1D52007F1A6B /* LRSChartViewTests.m in Sources */,
			);
			runOnlyForDeploymentPostprocessing = 0;
		};
		C8F80BC822BA1D52007F1A6B /* Sources */ = {
			isa = PBXSourcesBuildPhase;
			buildActionMask = 2147483647;
			files = (
				C8F80BD122BA1D52007F1A6B /* LRSChartViewUITests.m in Sources */,
			);
			runOnlyForDeploymentPostprocessing = 0;
		};
/* End PBXSourcesBuildPhase section */

/* Begin PBXTargetDependency section */
		C8F80BC322BA1D52007F1A6B /* PBXTargetDependency */ = {
			isa = PBXTargetDependency;
			target = C8F80BA822BA1D50007F1A6B /* LRSChartView */;
			targetProxy = C8F80BC222BA1D52007F1A6B /* PBXContainerItemProxy */;
		};
		C8F80BCE22BA1D52007F1A6B /* PBXTargetDependency */ = {
			isa = PBXTargetDependency;
			target = C8F80BA822BA1D50007F1A6B /* LRSChartView */;
			targetProxy = C8F80BCD22BA1D52007F1A6B /* PBXContainerItemProxy */;
		};
/* End PBXTargetDependency section */

/* Begin PBXVariantGroup section */
		C8F80BB222BA1D50007F1A6B /* Main.storyboard */ = {
			isa = PBXVariantGroup;
			children = (
				C8F80BB322BA1D50007F1A6B /* Base */,
			);
			name = Main.storyboard;
			sourceTree = "<group>";
		};
		C8F80BB722BA1D52007F1A6B /* LaunchScreen.storyboard */ = {
			isa = PBXVariantGroup;
			children = (
				C8F80BB822BA1D52007F1A6B /* Base */,
			);
			name = LaunchScreen.storyboard;
			sourceTree = "<group>";
		};
/* End PBXVariantGroup section */

/* Begin XCBuildConfiguration section */
		C8F80BD322BA1D52007F1A6B /* Debug */ = {
			isa = XCBuildConfiguration;
			buildSettings = {
				ALWAYS_SEARCH_USER_PATHS = NO;
				CLANG_ANALYZER_NONNULL = YES;
				CLANG_ANALYZER_NUMBER_OBJECT_CONVERSION = YES_AGGRESSIVE;
				CLANG_CXX_LANGUAGE_STANDARD = "gnu++14";
				CLANG_CXX_LIBRARY = "libc++";
				CLANG_ENABLE_MODULES = YES;
				CLANG_ENABLE_OBJC_ARC = YES;
				CLANG_ENABLE_OBJC_WEAK = YES;
				CLANG_WARN_BLOCK_CAPTURE_AUTORELEASING = YES;
				CLANG_WARN_BOOL_CONVERSION = YES;
				CLANG_WARN_COMMA = YES;
				CLANG_WARN_CONSTANT_CONVERSION = YES;
				CLANG_WARN_DEPRECATED_OBJC_IMPLEMENTATIONS = YES;
				CLANG_WARN_DIRECT_OBJC_ISA_USAGE = YES_ERROR;
				CLANG_WARN_DOCUMENTATION_COMMENTS = YES;
				CLANG_WARN_EMPTY_BODY = YES;
				CLANG_WARN_ENUM_CONVERSION = YES;
				CLANG_WARN_INFINITE_RECURSION = YES;
				CLANG_WARN_INT_CONVERSION = YES;
				CLANG_WARN_NON_LITERAL_NULL_CONVERSION = YES;
				CLANG_WARN_OBJC_IMPLICIT_RETAIN_SELF = YES;
				CLANG_WARN_OBJC_LITERAL_CONVERSION = YES;
				CLANG_WARN_OBJC_ROOT_CLASS = YES_ERROR;
				CLANG_WARN_RANGE_LOOP_ANALYSIS = YES;
				CLANG_WARN_STRICT_PROTOTYPES = YES;
				CLANG_WARN_SUSPICIOUS_MOVE = YES;
				CLANG_WARN_UNGUARDED_AVAILABILITY = YES_AGGRESSIVE;
				CLANG_WARN_UNREACHABLE_CODE = YES;
				CLANG_WARN__DUPLICATE_METHOD_MATCH = YES;
				CODE_SIGN_IDENTITY = "iPhone Developer";
				COPY_PHASE_STRIP = NO;
				DEBUG_INFORMATION_FORMAT = dwarf;
				ENABLE_STRICT_OBJC_MSGSEND = YES;
				ENABLE_TESTABILITY = YES;
				GCC_C_LANGUAGE_STANDARD = gnu11;
				GCC_DYNAMIC_NO_PIC = NO;
				GCC_NO_COMMON_BLOCKS = YES;
				GCC_OPTIMIZATION_LEVEL = 0;
				GCC_PREPROCESSOR_DEFINITIONS = (
					"DEBUG=1",
					"$(inherited)",
				);
				GCC_WARN_64_TO_32_BIT_CONVERSION = YES;
				GCC_WARN_ABOUT_RETURN_TYPE = YES_ERROR;
				GCC_WARN_UNDECLARED_SELECTOR = YES;
				GCC_WARN_UNINITIALIZED_AUTOS = YES_AGGRESSIVE;
				GCC_WARN_UNUSED_FUNCTION = YES;
				GCC_WARN_UNUSED_VARIABLE = YES;
				IPHONEOS_DEPLOYMENT_TARGET = 12.2;
				MTL_ENABLE_DEBUG_INFO = INCLUDE_SOURCE;
				MTL_FAST_MATH = YES;
				ONLY_ACTIVE_ARCH = YES;
				SDKROOT = iphoneos;
			};
			name = Debug;
		};
		C8F80BD422BA1D52007F1A6B /* Release */ = {
			isa = XCBuildConfiguration;
			buildSettings = {
				ALWAYS_SEARCH_USER_PATHS = NO;
				CLANG_ANALYZER_NONNULL = YES;
				CLANG_ANALYZER_NUMBER_OBJECT_CONVERSION = YES_AGGRESSIVE;
				CLANG_CXX_LANGUAGE_STANDARD = "gnu++14";
				CLANG_CXX_LIBRARY = "libc++";
				CLANG_ENABLE_MODULES = YES;
				CLANG_ENABLE_OBJC_ARC = YES;
				CLANG_ENABLE_OBJC_WEAK = YES;
				CLANG_WARN_BLOCK_CAPTURE_AUTORELEASING = YES;
				CLANG_WARN_BOOL_CONVERSION = YES;
				CLANG_WARN_COMMA = YES;
				CLANG_WARN_CONSTANT_CONVERSION = YES;
				CLANG_WARN_DEPRECATED_OBJC_IMPLEMENTATIONS = YES;
				CLANG_WARN_DIRECT_OBJC_ISA_USAGE = YES_ERROR;
				CLANG_WARN_DOCUMENTATION_COMMENTS = YES;
				CLANG_WARN_EMPTY_BODY = YES;
				CLANG_WARN_ENUM_CONVERSION = YES;
				CLANG_WARN_INFINITE_RECURSION = YES;
				CLANG_WARN_INT_CONVERSION = YES;
				CLANG_WARN_NON_LITERAL_NULL_CONVERSION = YES;
				CLANG_WARN_OBJC_IMPLICIT_RETAIN_SELF = YES;
				CLANG_WARN_OBJC_LITERAL_CONVERSION = YES;
				CLANG_WARN_OBJC_ROOT_CLASS = YES_ERROR;
				CLANG_WARN_RANGE_LOOP_ANALYSIS = YES;
				CLANG_WARN_STRICT_PROTOTYPES = YES;
				CLANG_WARN_SUSPICIOUS_MOVE = YES;
				CLANG_WARN_UNGUARDED_AVAILABILITY = YES_AGGRESSIVE;
				CLANG_WARN_UNREACHABLE_CODE = YES;
				CLANG_WARN__DUPLICATE_METHOD_MATCH = YES;
				CODE_SIGN_IDENTITY = "iPhone Developer";
				COPY_PHASE_STRIP = NO;
				DEBUG_INFORMATION_FORMAT = "dwarf-with-dsym";
				ENABLE_NS_ASSERTIONS = NO;
				ENABLE_STRICT_OBJC_MSGSEND = YES;
				GCC_C_LANGUAGE_STANDARD = gnu11;
				GCC_NO_COMMON_BLOCKS = YES;
				GCC_WARN_64_TO_32_BIT_CONVERSION = YES;
				GCC_WARN_ABOUT_RETURN_TYPE = YES_ERROR;
				GCC_WARN_UNDECLARED_SELECTOR = YES;
				GCC_WARN_UNINITIALIZED_AUTOS = YES_AGGRESSIVE;
				GCC_WARN_UNUSED_FUNCTION = YES;
				GCC_WARN_UNUSED_VARIABLE = YES;
				IPHONEOS_DEPLOYMENT_TARGET = 12.2;
				MTL_ENABLE_DEBUG_INFO = NO;
				MTL_FAST_MATH = YES;
				SDKROOT = iphoneos;
				VALIDATE_PRODUCT = YES;
			};
			name = Release;
		};
		C8F80BD622BA1D52007F1A6B /* Debug */ = {
			isa = XCBuildConfiguration;
			buildSettings = {
				ASSETCATALOG_COMPILER_APPICON_NAME = AppIcon;
				CODE_SIGN_STYLE = Automatic;
				DEVELOPMENT_TEAM = 5D22VY8W77;
				GCC_PREFIX_HEADER = LRSChartView/PrefixHeader.pch;
				INFOPLIST_FILE = LRSChartView/Info.plist;
				LD_RUNPATH_SEARCH_PATHS = (
					"$(inherited)",
					"@executable_path/Frameworks",
				);
				PRODUCT_BUNDLE_IDENTIFIER = com.cookiex.calculator.LRSChartView;
				PRODUCT_NAME = "$(TARGET_NAME)";
				TARGETED_DEVICE_FAMILY = "1,2";
			};
			name = Debug;
		};
		C8F80BD722BA1D52007F1A6B /* Release */ = {
			isa = XCBuildConfiguration;
			buildSettings = {
				ASSETCATALOG_COMPILER_APPICON_NAME = AppIcon;
				CODE_SIGN_STYLE = Automatic;
				DEVELOPMENT_TEAM = 5D22VY8W77;
				GCC_PREFIX_HEADER = LRSChartView/PrefixHeader.pch;
				INFOPLIST_FILE = LRSChartView/Info.plist;
				LD_RUNPATH_SEARCH_PATHS = (
					"$(inherited)",
					"@executable_path/Frameworks",
				);
				PRODUCT_BUNDLE_IDENTIFIER = com.cookiex.calculator.LRSChartView;
				PRODUCT_NAME = "$(TARGET_NAME)";
				TARGETED_DEVICE_FAMILY = "1,2";
			};
			name = Release;
		};
		C8F80BD922BA1D52007F1A6B /* Debug */ = {
			isa = XCBuildConfiguration;
			buildSettings = {
				BUNDLE_LOADER = "$(TEST_HOST)";
				CODE_SIGN_STYLE = Automatic;
				DEVELOPMENT_TEAM = 2M6S249226;
				INFOPLIST_FILE = LRSChartViewTests/Info.plist;
				LD_RUNPATH_SEARCH_PATHS = (
					"$(inherited)",
					"@executable_path/Frameworks",
					"@loader_path/Frameworks",
				);
				PRODUCT_BUNDLE_IDENTIFIER = com.cookiex.calculator.LRSChartViewTests;
				PRODUCT_NAME = "$(TARGET_NAME)";
				TARGETED_DEVICE_FAMILY = "1,2";
				TEST_HOST = "$(BUILT_PRODUCTS_DIR)/LRSChartView.app/LRSChartView";
			};
			name = Debug;
		};
		C8F80BDA22BA1D52007F1A6B /* Release */ = {
			isa = XCBuildConfiguration;
			buildSettings = {
				BUNDLE_LOADER = "$(TEST_HOST)";
				CODE_SIGN_STYLE = Automatic;
				DEVELOPMENT_TEAM = 2M6S249226;
				INFOPLIST_FILE = LRSChartViewTests/Info.plist;
				LD_RUNPATH_SEARCH_PATHS = (
					"$(inherited)",
					"@executable_path/Frameworks",
					"@loader_path/Frameworks",
				);
				PRODUCT_BUNDLE_IDENTIFIER = com.cookiex.calculator.LRSChartViewTests;
				PRODUCT_NAME = "$(TARGET_NAME)";
				TARGETED_DEVICE_FAMILY = "1,2";
				TEST_HOST = "$(BUILT_PRODUCTS_DIR)/LRSChartView.app/LRSChartView";
			};
			name = Release;
		};
		C8F80BDC22BA1D52007F1A6B /* Debug */ = {
			isa = XCBuildConfiguration;
			buildSettings = {
				CODE_SIGN_STYLE = Automatic;
				DEVELOPMENT_TEAM = 2M6S249226;
				INFOPLIST_FILE = LRSChartViewUITests/Info.plist;
				LD_RUNPATH_SEARCH_PATHS = (
					"$(inherited)",
					"@executable_path/Frameworks",
					"@loader_path/Frameworks",
				);
				PRODUCT_BUNDLE_IDENTIFIER = com.cookiex.calculator.LRSChartViewUITests;
				PRODUCT_NAME = "$(TARGET_NAME)";
				TARGETED_DEVICE_FAMILY = "1,2";
				TEST_TARGET_NAME = LRSChartView;
			};
			name = Debug;
		};
		C8F80BDD22BA1D52007F1A6B /* Release */ = {
			isa = XCBuildConfiguration;
			buildSettings = {
				CODE_SIGN_STYLE = Automatic;
				DEVELOPMENT_TEAM = 2M6S249226;
				INFOPLIST_FILE = LRSChartViewUITests/Info.plist;
				LD_RUNPATH_SEARCH_PATHS = (
					"$(inherited)",
					"@executable_path/Frameworks",
					"@loader_path/Frameworks",
				);
				PRODUCT_BUNDLE_IDENTIFIER = com.cookiex.calculator.LRSChartViewUITests;
				PRODUCT_NAME = "$(TARGET_NAME)";
				TARGETED_DEVICE_FAMILY = "1,2";
				TEST_TARGET_NAME = LRSChartView;
			};
			name = Release;
		};
/* End XCBuildConfiguration section */

/* Begin XCConfigurationList section */
		C8F80BA422BA1D50007F1A6B /* Build configuration list for PBXProject "LRSChartView" */ = {
			isa = XCConfigurationList;
			buildConfigurations = (
				C8F80BD322BA1D52007F1A6B /* Debug */,
				C8F80BD422BA1D52007F1A6B /* Release */,
			);
			defaultConfigurationIsVisible = 0;
			defaultConfigurationName = Release;
		};
		C8F80BD522BA1D52007F1A6B /* Build configuration list for PBXNativeTarget "LRSChartView" */ = {
			isa = XCConfigurationList;
			buildConfigurations = (
				C8F80BD622BA1D52007F1A6B /* Debug */,
				C8F80BD722BA1D52007F1A6B /* Release */,
			);
			defaultConfigurationIsVisible = 0;
			defaultConfigurationName = Release;
		};
		C8F80BD822BA1D52007F1A6B /* Build configuration list for PBXNativeTarget "LRSChartViewTests" */ = {
			isa = XCConfigurationList;
			buildConfigurations = (
				C8F80BD922BA1D52007F1A6B /* Debug */,
				C8F80BDA22BA1D52007F1A6B /* Release */,
			);
			defaultConfigurationIsVisible = 0;
			defaultConfigurationName = Release;
		};
		C8F80BDB22BA1D52007F1A6B /* Build configuration list for PBXNativeTarget "LRSChartViewUITests" */ = {
			isa = XCConfigurationList;
			buildConfigurations = (
				C8F80BDC22BA1D52007F1A6B /* Debug */,
				C8F80BDD22BA1D52007F1A6B /* Release */,
			);
			defaultConfigurationIsVisible = 0;
			defaultConfigurationName = Release;
		};
/* End XCConfigurationList section */
	};
	rootObject = C8F80BA122BA1D50007F1A6B /* Project object */;
}
